
Microsoft Visual Studio Solution File, Format Version 12.00
# Visual Studio 15
VisualStudioVersion = 15.0.27703.2047
MinimumVisualStudioVersion = 10.0.40219.1
Project("{9A19103F-16F7-4668-BE54-9A1E7A4F7556}") = "WebApplication17", "WebApplication17\WebApplication17.csproj", "{FB3AFEE1-DC09-47A1-925A-983531D0698C}"
EndProject
Global
	GlobalSection(SolutionConfigurationPlatforms) = preSolution
		Debug|Any CPU = Debug|Any CPU
		Release|Any CPU = Release|Any CPU
	EndGlobalSection
	GlobalSection(ProjectConfigurationPlatforms) = postSolution
		{FB3AFEE1-DC09-47A1-925A-983531D0698C}.Debug|Any CPU.ActiveCfg = Debug|Any CPU
		{FB3AFEE1-DC09-47A1-925A-983531D0698C}.Debug|Any CPU.Build.0 = Debug|Any CPU
		{FB3AFEE1-DC09-47A1-925A-983531D0698C}.Release|Any CPU.ActiveCfg = Release|Any CPU
		{FB3AFEE1-DC09-47A1-925A-983531D0698C}.Release|Any CPU.Build.0 = Release|Any CPU
	EndGlobalSection
	GlobalSection(SolutionProperties) = preSolution
		HideSolutionNode = FALSE
	EndGlobalSection
	GlobalSection(ExtensibilityGlobals) = postSolution
		SolutionGuid = {2035B6CD-A8E2-471E-812E-74B19276F518}
	EndGlobalSection
EndGlobal
